// !$*UTF8*$!
{
	archiveVersion = 1;
	classes = {
	};
	objectVersion = 51;
	objects = {

/* Begin PBXBuildFile section */
		5D266958711DBF4458D9C63C /* Pods_Fit_Timer.framework in Frameworks */ = {isa = PBXBuildFile; fileRef = D24483537D34EE0CCB28F4A1 /* Pods_Fit_Timer.framework */; };
		7F08E397212B5C4600D6D9C9 /* TimerViewController.swift in Sources */ = {isa = PBXBuildFile; fileRef = 7F08E396212B5C4600D6D9C9 /* TimerViewController.swift */; };
		7F6CC1ED22DF5705004BD587 /* bell.wav in Resources */ = {isa = PBXBuildFile; fileRef = 7F6CC1EC22DF5705004BD587 /* bell.wav */; };
		7F6CC1F222E4BDDF004BD587 /* Workouts.xcdatamodeld in Sources */ = {isa = PBXBuildFile; fileRef = 7F6CC1F022E4BDDF004BD587 /* Workouts.xcdatamodeld */; };
		7F6CC1F622E62969004BD587 /* AVFoundation.framework in Frameworks */ = {isa = PBXBuildFile; fileRef = 7F6CC1F522E62969004BD587 /* AVFoundation.framework */; };
		7F723C1B22E8F023008BDA34 /* GiphyLogoEmblem.png in Resources */ = {isa = PBXBuildFile; fileRef = 7F723C0722E8F023008BDA34 /* GiphyLogoEmblem.png */; };
		7F723C1C22E8F023008BDA34 /* GiphyLogoEmblem@2x.png in Resources */ = {isa = PBXBuildFile; fileRef = 7F723C0822E8F023008BDA34 /* GiphyLogoEmblem@2x.png */; };
		7F723C1D22E8F023008BDA34 /* GiphyLogoEmblem@3x.png in Resources */ = {isa = PBXBuildFile; fileRef = 7F723C0922E8F023008BDA34 /* GiphyLogoEmblem@3x.png */; };
		7F723C1E22E8F023008BDA34 /* CornerRoundingMaskView.swift in Sources */ = {isa = PBXBuildFile; fileRef = 7F723C0B22E8F023008BDA34 /* CornerRoundingMaskView.swift */; };
		7F723C1F22E8F023008BDA34 /* GiphyImageSet.swift in Sources */ = {isa = PBXBuildFile; fileRef = 7F723C0C22E8F023008BDA34 /* GiphyImageSet.swift */; };
		7F723C2022E8F023008BDA34 /* GiphyItem.swift in Sources */ = {isa = PBXBuildFile; fileRef = 7F723C0D22E8F023008BDA34 /* GiphyItem.swift */; };
		7F723C2122E8F023008BDA34 /* GiphyMeta.swift in Sources */ = {isa = PBXBuildFile; fileRef = 7F723C0E22E8F023008BDA34 /* GiphyMeta.swift */; };
		7F723C2222E8F023008BDA34 /* GiphyMultipleGIFResponse.swift in Sources */ = {isa = PBXBuildFile; fileRef = 7F723C0F22E8F023008BDA34 /* GiphyMultipleGIFResponse.swift */; };
		7F723C2322E8F023008BDA34 /* GiphyPagination.swift in Sources */ = {isa = PBXBuildFile; fileRef = 7F723C1022E8F023008BDA34 /* GiphyPagination.swift */; };
		7F723C2422E8F023008BDA34 /* GiphySimpleItem.swift in Sources */ = {isa = PBXBuildFile; fileRef = 7F723C1122E8F023008BDA34 /* GiphySimpleItem.swift */; };
		7F723C2522E8F023008BDA34 /* GiphySimpleSingleGIFResponse.swift in Sources */ = {isa = PBXBuildFile; fileRef = 7F723C1222E8F023008BDA34 /* GiphySimpleSingleGIFResponse.swift */; };
		7F723C2622E8F023008BDA34 /* GiphySingleGIFResponse.swift in Sources */ = {isa = PBXBuildFile; fileRef = 7F723C1322E8F023008BDA34 /* GiphySingleGIFResponse.swift */; };
		7F723C2722E8F023008BDA34 /* GiphyUser.swift in Sources */ = {isa = PBXBuildFile; fileRef = 7F723C1422E8F023008BDA34 /* GiphyUser.swift */; };
		7F723C2822E8F023008BDA34 /* ParsingTransforms.swift in Sources */ = {isa = PBXBuildFile; fileRef = 7F723C1522E8F023008BDA34 /* ParsingTransforms.swift */; };
		7F723C2922E8F023008BDA34 /* RoundedCornerView.swift in Sources */ = {isa = PBXBuildFile; fileRef = 7F723C1622E8F023008BDA34 /* RoundedCornerView.swift */; };
		7F723C2A22E8F023008BDA34 /* SwiftyGiphyAPI.swift in Sources */ = {isa = PBXBuildFile; fileRef = 7F723C1722E8F023008BDA34 /* SwiftyGiphyAPI.swift */; };
		7F723C2B22E8F023008BDA34 /* SwiftyGiphyCollectionViewCell.swift in Sources */ = {isa = PBXBuildFile; fileRef = 7F723C1822E8F023008BDA34 /* SwiftyGiphyCollectionViewCell.swift */; };
		7F723C2C22E8F023008BDA34 /* SwiftyGiphyGridLayout.swift in Sources */ = {isa = PBXBuildFile; fileRef = 7F723C1922E8F023008BDA34 /* SwiftyGiphyGridLayout.swift */; };
		7F723C2D22E8F023008BDA34 /* SwiftyGiphyViewController.swift in Sources */ = {isa = PBXBuildFile; fileRef = 7F723C1A22E8F023008BDA34 /* SwiftyGiphyViewController.swift */; };
		7F88C399212BAF3100C7D622 /* TimerCell.swift in Sources */ = {isa = PBXBuildFile; fileRef = 7F88C398212BAF3100C7D622 /* TimerCell.swift */; };
		7FE8EA5321187F6100FD1596 /* AppDelegate.swift in Sources */ = {isa = PBXBuildFile; fileRef = 7FE8EA5221187F6100FD1596 /* AppDelegate.swift */; };
		7FE8EA5821187F6100FD1596 /* Main.storyboard in Resources */ = {isa = PBXBuildFile; fileRef = 7FE8EA5621187F6100FD1596 /* Main.storyboard */; };
		7FE8EA5A21187F6400FD1596 /* Assets.xcassets in Resources */ = {isa = PBXBuildFile; fileRef = 7FE8EA5921187F6400FD1596 /* Assets.xcassets */; };
		7FE8EA5D21187F6400FD1596 /* LaunchScreen.storyboard in Resources */ = {isa = PBXBuildFile; fileRef = 7FE8EA5B21187F6400FD1596 /* LaunchScreen.storyboard */; };
		7FE8EA6821187F6500FD1596 /* Fit_TimerUITests.swift in Sources */ = {isa = PBXBuildFile; fileRef = 7FE8EA6721187F6500FD1596 /* Fit_TimerUITests.swift */; };
		7FE8EA7521192E5F00FD1596 /* ShowWorkoutViewController.swift in Sources */ = {isa = PBXBuildFile; fileRef = 7FE8EA7421192E5F00FD1596 /* ShowWorkoutViewController.swift */; };
		A644F40080557EE6C478FC94 /* Pods_Fit_TimerUITests.framework in Frameworks */ = {isa = PBXBuildFile; fileRef = 02312E9AB34A57C15DDBD0CE /* Pods_Fit_TimerUITests.framework */; };
/* End PBXBuildFile section */

/* Begin PBXContainerItemProxy section */
		7FE8EA6421187F6500FD1596 /* PBXContainerItemProxy */ = {
			isa = PBXContainerItemProxy;
			containerPortal = 7FE8EA4721187F6100FD1596 /* Project object */;
			proxyType = 1;
			remoteGlobalIDString = 7FE8EA4E21187F6100FD1596;
			remoteInfo = "Fit Timer";
		};
/* End PBXContainerItemProxy section */

/* Begin PBXFileReference section */
		02312E9AB34A57C15DDBD0CE /* Pods_Fit_TimerUITests.framework */ = {isa = PBXFileReference; explicitFileType = wrapper.framework; includeInIndex = 0; path = Pods_Fit_TimerUITests.framework; sourceTree = BUILT_PRODUCTS_DIR; };
		5C354182339AB049E451B576 /* Pods-Fit Timer.debug.xcconfig */ = {isa = PBXFileReference; includeInIndex = 1; lastKnownFileType = text.xcconfig; name = "Pods-Fit Timer.debug.xcconfig"; path = "Pods/Target Support Files/Pods-Fit Timer/Pods-Fit Timer.debug.xcconfig"; sourceTree = "<group>"; };
		7F08E396212B5C4600D6D9C9 /* TimerViewController.swift */ = {isa = PBXFileReference; lastKnownFileType = sourcecode.swift; path = TimerViewController.swift; sourceTree = "<group>"; };
		7F6CC1EC22DF5705004BD587 /* bell.wav */ = {isa = PBXFileReference; lastKnownFileType = audio.wav; path = bell.wav; sourceTree = "<group>"; };
		7F6CC1F122E4BDDF004BD587 /* Workouts.xcdatamodel */ = {isa = PBXFileReference; lastKnownFileType = wrapper.xcdatamodel; path = Workouts.xcdatamodel; sourceTree = "<group>"; };
		7F6CC1F522E62969004BD587 /* AVFoundation.framework */ = {isa = PBXFileReference; lastKnownFileType = wrapper.framework; name = AVFoundation.framework; path = System/Library/Frameworks/AVFoundation.framework; sourceTree = SDKROOT; };
		7F723C0722E8F023008BDA34 /* GiphyLogoEmblem.png */ = {isa = PBXFileReference; lastKnownFileType = image.png; path = GiphyLogoEmblem.png; sourceTree = "<group>"; };
		7F723C0822E8F023008BDA34 /* GiphyLogoEmblem@2x.png */ = {isa = PBXFileReference; lastKnownFileType = image.png; path = "GiphyLogoEmblem@2x.png"; sourceTree = "<group>"; };
		7F723C0922E8F023008BDA34 /* GiphyLogoEmblem@3x.png */ = {isa = PBXFileReference; lastKnownFileType = image.png; path = "GiphyLogoEmblem@3x.png"; sourceTree = "<group>"; };
		7F723C0B22E8F023008BDA34 /* CornerRoundingMaskView.swift */ = {isa = PBXFileReference; fileEncoding = 4; lastKnownFileType = sourcecode.swift; path = CornerRoundingMaskView.swift; sourceTree = "<group>"; };
		7F723C0C22E8F023008BDA34 /* GiphyImageSet.swift */ = {isa = PBXFileReference; fileEncoding = 4; lastKnownFileType = sourcecode.swift; path = GiphyImageSet.swift; sourceTree = "<group>"; };
		7F723C0D22E8F023008BDA34 /* GiphyItem.swift */ = {isa = PBXFileReference; fileEncoding = 4; lastKnownFileType = sourcecode.swift; path = GiphyItem.swift; sourceTree = "<group>"; };
		7F723C0E22E8F023008BDA34 /* GiphyMeta.swift */ = {isa = PBXFileReference; fileEncoding = 4; lastKnownFileType = sourcecode.swift; path = GiphyMeta.swift; sourceTree = "<group>"; };
		7F723C0F22E8F023008BDA34 /* GiphyMultipleGIFResponse.swift */ = {isa = PBXFileReference; fileEncoding = 4; lastKnownFileType = sourcecode.swift; path = GiphyMultipleGIFResponse.swift; sourceTree = "<group>"; };
		7F723C1022E8F023008BDA34 /* GiphyPagination.swift */ = {isa = PBXFileReference; fileEncoding = 4; lastKnownFileType = sourcecode.swift; path = GiphyPagination.swift; sourceTree = "<group>"; };
		7F723C1122E8F023008BDA34 /* GiphySimpleItem.swift */ = {isa = PBXFileReference; fileEncoding = 4; lastKnownFileType = sourcecode.swift; path = GiphySimpleItem.swift; sourceTree = "<group>"; };
		7F723C1222E8F023008BDA34 /* GiphySimpleSingleGIFResponse.swift */ = {isa = PBXFileReference; fileEncoding = 4; lastKnownFileType = sourcecode.swift; path = GiphySimpleSingleGIFResponse.swift; sourceTree = "<group>"; };
		7F723C1322E8F023008BDA34 /* GiphySingleGIFResponse.swift */ = {isa = PBXFileReference; fileEncoding = 4; lastKnownFileType = sourcecode.swift; path = GiphySingleGIFResponse.swift; sourceTree = "<group>"; };
		7F723C1422E8F023008BDA34 /* GiphyUser.swift */ = {isa = PBXFileReference; fileEncoding = 4; lastKnownFileType = sourcecode.swift; path = GiphyUser.swift; sourceTree = "<group>"; };
		7F723C1522E8F023008BDA34 /* ParsingTransforms.swift */ = {isa = PBXFileReference; fileEncoding = 4; lastKnownFileType = sourcecode.swift; path = ParsingTransforms.swift; sourceTree = "<group>"; };
		7F723C1622E8F023008BDA34 /* RoundedCornerView.swift */ = {isa = PBXFileReference; fileEncoding = 4; lastKnownFileType = sourcecode.swift; path = RoundedCornerView.swift; sourceTree = "<group>"; };
		7F723C1722E8F023008BDA34 /* SwiftyGiphyAPI.swift */ = {isa = PBXFileReference; fileEncoding = 4; lastKnownFileType = sourcecode.swift; path = SwiftyGiphyAPI.swift; sourceTree = "<group>"; };
		7F723C1822E8F023008BDA34 /* SwiftyGiphyCollectionViewCell.swift */ = {isa = PBXFileReference; fileEncoding = 4; lastKnownFileType = sourcecode.swift; path = SwiftyGiphyCollectionViewCell.swift; sourceTree = "<group>"; };
		7F723C1922E8F023008BDA34 /* SwiftyGiphyGridLayout.swift */ = {isa = PBXFileReference; fileEncoding = 4; lastKnownFileType = sourcecode.swift; path = SwiftyGiphyGridLayout.swift; sourceTree = "<group>"; };
		7F723C1A22E8F023008BDA34 /* SwiftyGiphyViewController.swift */ = {isa = PBXFileReference; fileEncoding = 4; lastKnownFileType = sourcecode.swift; path = SwiftyGiphyViewController.swift; sourceTree = "<group>"; };
		7F88C398212BAF3100C7D622 /* TimerCell.swift */ = {isa = PBXFileReference; lastKnownFileType = sourcecode.swift; path = TimerCell.swift; sourceTree = "<group>"; };
		7FE8EA4F21187F6100FD1596 /* Fit Timer.app */ = {isa = PBXFileReference; explicitFileType = wrapper.application; includeInIndex = 0; path = "Fit Timer.app"; sourceTree = BUILT_PRODUCTS_DIR; };
		7FE8EA5221187F6100FD1596 /* AppDelegate.swift */ = {isa = PBXFileReference; lastKnownFileType = sourcecode.swift; path = AppDelegate.swift; sourceTree = "<group>"; };
		7FE8EA5721187F6100FD1596 /* Base */ = {isa = PBXFileReference; lastKnownFileType = file.storyboard; name = Base; path = Base.lproj/Main.storyboard; sourceTree = "<group>"; };
		7FE8EA5921187F6400FD1596 /* Assets.xcassets */ = {isa = PBXFileReference; lastKnownFileType = folder.assetcatalog; path = Assets.xcassets; sourceTree = "<group>"; };
		7FE8EA5C21187F6400FD1596 /* Base */ = {isa = PBXFileReference; lastKnownFileType = file.storyboard; name = Base; path = Base.lproj/LaunchScreen.storyboard; sourceTree = "<group>"; };
		7FE8EA5E21187F6400FD1596 /* Info.plist */ = {isa = PBXFileReference; lastKnownFileType = text.plist.xml; path = Info.plist; sourceTree = "<group>"; };
		7FE8EA6321187F6500FD1596 /* Fit TimerUITests.xctest */ = {isa = PBXFileReference; explicitFileType = wrapper.cfbundle; includeInIndex = 0; path = "Fit TimerUITests.xctest"; sourceTree = BUILT_PRODUCTS_DIR; };
		7FE8EA6721187F6500FD1596 /* Fit_TimerUITests.swift */ = {isa = PBXFileReference; lastKnownFileType = sourcecode.swift; path = Fit_TimerUITests.swift; sourceTree = "<group>"; };
		7FE8EA6921187F6500FD1596 /* Info.plist */ = {isa = PBXFileReference; lastKnownFileType = text.plist.xml; path = Info.plist; sourceTree = "<group>"; };
		7FE8EA7421192E5F00FD1596 /* ShowWorkoutViewController.swift */ = {isa = PBXFileReference; lastKnownFileType = sourcecode.swift; path = ShowWorkoutViewController.swift; sourceTree = "<group>"; };
		9D8DEAAF5AE84DB2CDB214D2 /* Pods-Fit TimerUITests.debug.xcconfig */ = {isa = PBXFileReference; includeInIndex = 1; lastKnownFileType = text.xcconfig; name = "Pods-Fit TimerUITests.debug.xcconfig"; path = "Pods/Target Support Files/Pods-Fit TimerUITests/Pods-Fit TimerUITests.debug.xcconfig"; sourceTree = "<group>"; };
		AD2EAB6074612F8E6F1BC713 /* Pods-Fit TimerUITests.release.xcconfig */ = {isa = PBXFileReference; includeInIndex = 1; lastKnownFileType = text.xcconfig; name = "Pods-Fit TimerUITests.release.xcconfig"; path = "Pods/Target Support Files/Pods-Fit TimerUITests/Pods-Fit TimerUITests.release.xcconfig"; sourceTree = "<group>"; };
		D24483537D34EE0CCB28F4A1 /* Pods_Fit_Timer.framework */ = {isa = PBXFileReference; explicitFileType = wrapper.framework; includeInIndex = 0; path = Pods_Fit_Timer.framework; sourceTree = BUILT_PRODUCTS_DIR; };
		EC87178FA0D6FB502FBCB525 /* Pods-Fit Timer.release.xcconfig */ = {isa = PBXFileReference; includeInIndex = 1; lastKnownFileType = text.xcconfig; name = "Pods-Fit Timer.release.xcconfig"; path = "Pods/Target Support Files/Pods-Fit Timer/Pods-Fit Timer.release.xcconfig"; sourceTree = "<group>"; };
/* End PBXFileReference section */

/* Begin PBXFrameworksBuildPhase section */
		7FE8EA4C21187F6100FD1596 /* Frameworks */ = {
			isa = PBXFrameworksBuildPhase;
			buildActionMask = 2147483647;
			files = (
				7F6CC1F622E62969004BD587 /* AVFoundation.framework in Frameworks */,
				5D266958711DBF4458D9C63C /* Pods_Fit_Timer.framework in Frameworks */,
			);
			runOnlyForDeploymentPostprocessing = 0;
		};
		7FE8EA6021187F6500FD1596 /* Frameworks */ = {
			isa = PBXFrameworksBuildPhase;
			buildActionMask = 2147483647;
			files = (
				A644F40080557EE6C478FC94 /* Pods_Fit_TimerUITests.framework in Frameworks */,
			);
			runOnlyForDeploymentPostprocessing = 0;
		};
/* End PBXFrameworksBuildPhase section */

/* Begin PBXGroup section */
		7F723BDD22E8EF3D008BDA34 /* SwiftyGiphy */ = {
			isa = PBXGroup;
			children = (
				7F723C0622E8F023008BDA34 /* Assets */,
				7F723C0A22E8F023008BDA34 /* Library */,
			);
			path = SwiftyGiphy;
			sourceTree = "<group>";
		};
		7F723C0622E8F023008BDA34 /* Assets */ = {
			isa = PBXGroup;
			children = (
				7F723C0722E8F023008BDA34 /* GiphyLogoEmblem.png */,
				7F723C0822E8F023008BDA34 /* GiphyLogoEmblem@2x.png */,
				7F723C0922E8F023008BDA34 /* GiphyLogoEmblem@3x.png */,
			);
			path = Assets;
			sourceTree = "<group>";
		};
		7F723C0A22E8F023008BDA34 /* Library */ = {
			isa = PBXGroup;
			children = (
				7F723C0B22E8F023008BDA34 /* CornerRoundingMaskView.swift */,
				7F723C0C22E8F023008BDA34 /* GiphyImageSet.swift */,
				7F723C0D22E8F023008BDA34 /* GiphyItem.swift */,
				7F723C0E22E8F023008BDA34 /* GiphyMeta.swift */,
				7F723C0F22E8F023008BDA34 /* GiphyMultipleGIFResponse.swift */,
				7F723C1022E8F023008BDA34 /* GiphyPagination.swift */,
				7F723C1122E8F023008BDA34 /* GiphySimpleItem.swift */,
				7F723C1222E8F023008BDA34 /* GiphySimpleSingleGIFResponse.swift */,
				7F723C1322E8F023008BDA34 /* GiphySingleGIFResponse.swift */,
				7F723C1422E8F023008BDA34 /* GiphyUser.swift */,
				7F723C1522E8F023008BDA34 /* ParsingTransforms.swift */,
				7F723C1622E8F023008BDA34 /* RoundedCornerView.swift */,
				7F723C1722E8F023008BDA34 /* SwiftyGiphyAPI.swift */,
				7F723C1822E8F023008BDA34 /* SwiftyGiphyCollectionViewCell.swift */,
				7F723C1922E8F023008BDA34 /* SwiftyGiphyGridLayout.swift */,
				7F723C1A22E8F023008BDA34 /* SwiftyGiphyViewController.swift */,
			);
			path = Library;
			sourceTree = "<group>";
		};
		7FE8EA4621187F6100FD1596 = {
			isa = PBXGroup;
			children = (
				7FE8EA5121187F6100FD1596 /* Fit Timer */,
				7FE8EA6621187F6500FD1596 /* Fit TimerUITests */,
				7FE8EA5021187F6100FD1596 /* Products */,
				DB095BC29DA730B7A0906819 /* Pods */,
				9B1004A6310ABD67B5C07017 /* Frameworks */,
			);
			sourceTree = "<group>";
		};
		7FE8EA5021187F6100FD1596 /* Products */ = {
			isa = PBXGroup;
			children = (
				7FE8EA4F21187F6100FD1596 /* Fit Timer.app */,
				7FE8EA6321187F6500FD1596 /* Fit TimerUITests.xctest */,
			);
			name = Products;
			sourceTree = "<group>";
		};
		7FE8EA5121187F6100FD1596 /* Fit Timer */ = {
			isa = PBXGroup;
			children = (
				7F723BDD22E8EF3D008BDA34 /* SwiftyGiphy */,
				7F6CC1EC22DF5705004BD587 /* bell.wav */,
				7FE8EA5221187F6100FD1596 /* AppDelegate.swift */,
				7F08E396212B5C4600D6D9C9 /* TimerViewController.swift */,
				7FE8EA5621187F6100FD1596 /* Main.storyboard */,
				7FE8EA5921187F6400FD1596 /* Assets.xcassets */,
				7FE8EA5B21187F6400FD1596 /* LaunchScreen.storyboard */,
				7FE8EA5E21187F6400FD1596 /* Info.plist */,
				7FE8EA7421192E5F00FD1596 /* ShowWorkoutViewController.swift */,
				7F88C398212BAF3100C7D622 /* TimerCell.swift */,
				7F6CC1F022E4BDDF004BD587 /* Workouts.xcdatamodeld */,
			);
			path = "Fit Timer";
			sourceTree = "<group>";
		};
		7FE8EA6621187F6500FD1596 /* Fit TimerUITests */ = {
			isa = PBXGroup;
			children = (
				7FE8EA6721187F6500FD1596 /* Fit_TimerUITests.swift */,
				7FE8EA6921187F6500FD1596 /* Info.plist */,
			);
			path = "Fit TimerUITests";
			sourceTree = "<group>";
		};
		9B1004A6310ABD67B5C07017 /* Frameworks */ = {
			isa = PBXGroup;
			children = (
				7F6CC1F522E62969004BD587 /* AVFoundation.framework */,
				D24483537D34EE0CCB28F4A1 /* Pods_Fit_Timer.framework */,
				02312E9AB34A57C15DDBD0CE /* Pods_Fit_TimerUITests.framework */,
			);
			name = Frameworks;
			sourceTree = "<group>";
		};
		DB095BC29DA730B7A0906819 /* Pods */ = {
			isa = PBXGroup;
			children = (
				5C354182339AB049E451B576 /* Pods-Fit Timer.debug.xcconfig */,
				EC87178FA0D6FB502FBCB525 /* Pods-Fit Timer.release.xcconfig */,
				9D8DEAAF5AE84DB2CDB214D2 /* Pods-Fit TimerUITests.debug.xcconfig */,
				AD2EAB6074612F8E6F1BC713 /* Pods-Fit TimerUITests.release.xcconfig */,
			);
			name = Pods;
			sourceTree = "<group>";
		};
/* End PBXGroup section */

/* Begin PBXNativeTarget section */
		7FE8EA4E21187F6100FD1596 /* Fit Timer */ = {
			isa = PBXNativeTarget;
			buildConfigurationList = 7FE8EA6C21187F6500FD1596 /* Build configuration list for PBXNativeTarget "Fit Timer" */;
			buildPhases = (
				3A29845982F189E95DEBF212 /* [CP] Check Pods Manifest.lock */,
				7FE8EA4B21187F6100FD1596 /* Sources */,
				7FE8EA4C21187F6100FD1596 /* Frameworks */,
				7FE8EA4D21187F6100FD1596 /* Resources */,
				DE6F3B478975516EA3D8A0A5 /* [CP] Embed Pods Frameworks */,
			);
			buildRules = (
			);
			dependencies = (
			);
			name = "Fit Timer";
			productName = "Fit Timer";
			productReference = 7FE8EA4F21187F6100FD1596 /* Fit Timer.app */;
			productType = "com.apple.product-type.application";
		};
		7FE8EA6221187F6500FD1596 /* Fit TimerUITests */ = {
			isa = PBXNativeTarget;
			buildConfigurationList = 7FE8EA6F21187F6500FD1596 /* Build configuration list for PBXNativeTarget "Fit TimerUITests" */;
			buildPhases = (
				DCB1208A4516564AABBDD1DF /* [CP] Check Pods Manifest.lock */,
				7FE8EA5F21187F6500FD1596 /* Sources */,
				7FE8EA6021187F6500FD1596 /* Frameworks */,
				7FE8EA6121187F6500FD1596 /* Resources */,
			);
			buildRules = (
			);
			dependencies = (
				7FE8EA6521187F6500FD1596 /* PBXTargetDependency */,
			);
			name = "Fit TimerUITests";
			productName = "Fit TimerUITests";
			productReference = 7FE8EA6321187F6500FD1596 /* Fit TimerUITests.xctest */;
			productType = "com.apple.product-type.bundle.ui-testing";
		};
/* End PBXNativeTarget section */

/* Begin PBXProject section */
		7FE8EA4721187F6100FD1596 /* Project object */ = {
			isa = PBXProject;
			attributes = {
				LastSwiftUpdateCheck = 0940;
				LastUpgradeCheck = 0940;
				ORGANIZATIONNAME = "Cortland Walker";
				TargetAttributes = {
					7FE8EA4E21187F6100FD1596 = {
						CreatedOnToolsVersion = 9.4.1;
						LastSwiftMigration = 1020;
					};
					7FE8EA6221187F6500FD1596 = {
						CreatedOnToolsVersion = 9.4.1;
						LastSwiftMigration = 1020;
						TestTargetID = 7FE8EA4E21187F6100FD1596;
					};
				};
			};
			buildConfigurationList = 7FE8EA4A21187F6100FD1596 /* Build configuration list for PBXProject "Fit Timer" */;
			compatibilityVersion = "Xcode 9.3";
			developmentRegion = en;
			hasScannedForEncodings = 0;
			knownRegions = (
				en,
				Base,
			);
			mainGroup = 7FE8EA4621187F6100FD1596;
			productRefGroup = 7FE8EA5021187F6100FD1596 /* Products */;
			projectDirPath = "";
			projectRoot = "";
			targets = (
				7FE8EA4E21187F6100FD1596 /* Fit Timer */,
				7FE8EA6221187F6500FD1596 /* Fit TimerUITests */,
			);
		};
/* End PBXProject section */

/* Begin PBXResourcesBuildPhase section */
		7FE8EA4D21187F6100FD1596 /* Resources */ = {
			isa = PBXResourcesBuildPhase;
			buildActionMask = 2147483647;
			files = (
				7F723C1D22E8F023008BDA34 /* GiphyLogoEmblem@3x.png in Resources */,
				7FE8EA5D21187F6400FD1596 /* LaunchScreen.storyboard in Resources */,
				7FE8EA5A21187F6400FD1596 /* Assets.xcassets in Resources */,
				7F723C1B22E8F023008BDA34 /* GiphyLogoEmblem.png in Resources */,
				7F723C1C22E8F023008BDA34 /* GiphyLogoEmblem@2x.png in Resources */,
				7FE8EA5821187F6100FD1596 /* Main.storyboard in Resources */,
				7F6CC1ED22DF5705004BD587 /* bell.wav in Resources */,
			);
			runOnlyForDeploymentPostprocessing = 0;
		};
		7FE8EA6121187F6500FD1596 /* Resources */ = {
			isa = PBXResourcesBuildPhase;
			buildActionMask = 2147483647;
			files = (
			);
			runOnlyForDeploymentPostprocessing = 0;
		};
/* End PBXResourcesBuildPhase section */

/* Begin PBXShellScriptBuildPhase section */
		3A29845982F189E95DEBF212 /* [CP] Check Pods Manifest.lock */ = {
			isa = PBXShellScriptBuildPhase;
			buildActionMask = 2147483647;
			files = (
			);
			inputPaths = (
				"${PODS_PODFILE_DIR_PATH}/Podfile.lock",
				"${PODS_ROOT}/Manifest.lock",
			);
			name = "[CP] Check Pods Manifest.lock";
			outputPaths = (
				"$(DERIVED_FILE_DIR)/Pods-Fit Timer-checkManifestLockResult.txt",
			);
			runOnlyForDeploymentPostprocessing = 0;
			shellPath = /bin/sh;
			shellScript = "diff \"${PODS_PODFILE_DIR_PATH}/Podfile.lock\" \"${PODS_ROOT}/Manifest.lock\" > /dev/null\nif [ $? != 0 ] ; then\n    # print error to STDERR\n    echo \"error: The sandbox is not in sync with the Podfile.lock. Run 'pod install' or update your CocoaPods installation.\" >&2\n    exit 1\nfi\n# This output is used by Xcode 'outputs' to avoid re-running this script phase.\necho \"SUCCESS\" > \"${SCRIPT_OUTPUT_FILE_0}\"\n";
			showEnvVarsInLog = 0;
		};
		DCB1208A4516564AABBDD1DF /* [CP] Check Pods Manifest.lock */ = {
			isa = PBXShellScriptBuildPhase;
			buildActionMask = 2147483647;
			files = (
			);
			inputPaths = (
				"${PODS_PODFILE_DIR_PATH}/Podfile.lock",
				"${PODS_ROOT}/Manifest.lock",
			);
			name = "[CP] Check Pods Manifest.lock";
			outputPaths = (
				"$(DERIVED_FILE_DIR)/Pods-Fit TimerUITests-checkManifestLockResult.txt",
			);
			runOnlyForDeploymentPostprocessing = 0;
			shellPath = /bin/sh;
			shellScript = "diff \"${PODS_PODFILE_DIR_PATH}/Podfile.lock\" \"${PODS_ROOT}/Manifest.lock\" > /dev/null\nif [ $? != 0 ] ; then\n    # print error to STDERR\n    echo \"error: The sandbox is not in sync with the Podfile.lock. Run 'pod install' or update your CocoaPods installation.\" >&2\n    exit 1\nfi\n# This output is used by Xcode 'outputs' to avoid re-running this script phase.\necho \"SUCCESS\" > \"${SCRIPT_OUTPUT_FILE_0}\"\n";
			showEnvVarsInLog = 0;
		};
		DE6F3B478975516EA3D8A0A5 /* [CP] Embed Pods Frameworks */ = {
			isa = PBXShellScriptBuildPhase;
			buildActionMask = 2147483647;
			files = (
			);
			inputFileListPaths = (
				"${PODS_ROOT}/Target Support Files/Pods-Fit Timer/Pods-Fit Timer-frameworks-${CONFIGURATION}-input-files.xcfilelist",
			);
			name = "[CP] Embed Pods Frameworks";
			outputFileListPaths = (
				"${PODS_ROOT}/Target Support Files/Pods-Fit Timer/Pods-Fit Timer-frameworks-${CONFIGURATION}-output-files.xcfilelist",
			);
			runOnlyForDeploymentPostprocessing = 0;
			shellPath = /bin/sh;
			shellScript = "\"${PODS_ROOT}/Target Support Files/Pods-Fit Timer/Pods-Fit Timer-frameworks.sh\"\n";
			showEnvVarsInLog = 0;
		};
/* End PBXShellScriptBuildPhase section */

/* Begin PBXSourcesBuildPhase section */
		7FE8EA4B21187F6100FD1596 /* Sources */ = {
			isa = PBXSourcesBuildPhase;
			buildActionMask = 2147483647;
			files = (
				7F88C399212BAF3100C7D622 /* TimerCell.swift in Sources */,
				7F723C2C22E8F023008BDA34 /* SwiftyGiphyGridLayout.swift in Sources */,
				7F723C2522E8F023008BDA34 /* GiphySimpleSingleGIFResponse.swift in Sources */,
				7F723C2222E8F023008BDA34 /* GiphyMultipleGIFResponse.swift in Sources */,
				7F723C2422E8F023008BDA34 /* GiphySimpleItem.swift in Sources */,
				7F723C2722E8F023008BDA34 /* GiphyUser.swift in Sources */,
				7F723C2822E8F023008BDA34 /* ParsingTransforms.swift in Sources */,
				7F723C2922E8F023008BDA34 /* RoundedCornerView.swift in Sources */,
				7F08E397212B5C4600D6D9C9 /* TimerViewController.swift in Sources */,
				7F723C2022E8F023008BDA34 /* GiphyItem.swift in Sources */,
				7F723C2322E8F023008BDA34 /* GiphyPagination.swift in Sources */,
				7F6CC1F222E4BDDF004BD587 /* Workouts.xcdatamodeld in Sources */,
				7F723C1E22E8F023008BDA34 /* CornerRoundingMaskView.swift in Sources */,
				7F723C2A22E8F023008BDA34 /* SwiftyGiphyAPI.swift in Sources */,
				7F723C1F22E8F023008BDA34 /* GiphyImageSet.swift in Sources */,
				7FE8EA5321187F6100FD1596 /* AppDelegate.swift in Sources */,
				7F723C2122E8F023008BDA34 /* GiphyMeta.swift in Sources */,
				7F723C2D22E8F023008BDA34 /* SwiftyGiphyViewController.swift in Sources */,
				7FE8EA7521192E5F00FD1596 /* ShowWorkoutViewController.swift in Sources */,
				7F723C2622E8F023008BDA34 /* GiphySingleGIFResponse.swift in Sources */,
				7F723C2B22E8F023008BDA34 /* SwiftyGiphyCollectionViewCell.swift in Sources */,
			);
			runOnlyForDeploymentPostprocessing = 0;
		};
		7FE8EA5F21187F6500FD1596 /* Sources */ = {
			isa = PBXSourcesBuildPhase;
			buildActionMask = 2147483647;
			files = (
				7FE8EA6821187F6500FD1596 /* Fit_TimerUITests.swift in Sources */,
			);
			runOnlyForDeploymentPostprocessing = 0;
		};
/* End PBXSourcesBuildPhase section */

/* Begin PBXTargetDependency section */
		7FE8EA6521187F6500FD1596 /* PBXTargetDependency */ = {
			isa = PBXTargetDependency;
			target = 7FE8EA4E21187F6100FD1596 /* Fit Timer */;
			targetProxy = 7FE8EA6421187F6500FD1596 /* PBXContainerItemProxy */;
		};
/* End PBXTargetDependency section */

/* Begin PBXVariantGroup section */
		7FE8EA5621187F6100FD1596 /* Main.storyboard */ = {
			isa = PBXVariantGroup;
			children = (
				7FE8EA5721187F6100FD1596 /* Base */,
			);
			name = Main.storyboard;
			sourceTree = "<group>";
		};
		7FE8EA5B21187F6400FD1596 /* LaunchScreen.storyboard */ = {
			isa = PBXVariantGroup;
			children = (
				7FE8EA5C21187F6400FD1596 /* Base */,
			);
			name = LaunchScreen.storyboard;
			sourceTree = "<group>";
		};
/* End PBXVariantGroup section */

/* Begin XCBuildConfiguration section */
		7FE8EA6A21187F6500FD1596 /* Debug */ = {
			isa = XCBuildConfiguration;
			buildSettings = {
				ALWAYS_SEARCH_USER_PATHS = NO;
				CLANG_ANALYZER_NONNULL = YES;
				CLANG_ANALYZER_NUMBER_OBJECT_CONVERSION = YES_AGGRESSIVE;
				CLANG_CXX_LANGUAGE_STANDARD = "gnu++14";
				CLANG_CXX_LIBRARY = "libc++";
				CLANG_ENABLE_MODULES = YES;
				CLANG_ENABLE_OBJC_ARC = YES;
				CLANG_ENABLE_OBJC_WEAK = YES;
				CLANG_WARN_BLOCK_CAPTURE_AUTORELEASING = YES;
				CLANG_WARN_BOOL_CONVERSION = YES;
				CLANG_WARN_COMMA = YES;
				CLANG_WARN_CONSTANT_CONVERSION = YES;
				CLANG_WARN_DEPRECATED_OBJC_IMPLEMENTATIONS = YES;
				CLANG_WARN_DIRECT_OBJC_ISA_USAGE = YES_ERROR;
				CLANG_WARN_DOCUMENTATION_COMMENTS = YES;
				CLANG_WARN_EMPTY_BODY = YES;
				CLANG_WARN_ENUM_CONVERSION = YES;
				CLANG_WARN_INFINITE_RECURSION = YES;
				CLANG_WARN_INT_CONVERSION = YES;
				CLANG_WARN_NON_LITERAL_NULL_CONVERSION = YES;
				CLANG_WARN_OBJC_IMPLICIT_RETAIN_SELF = YES;
				CLANG_WARN_OBJC_LITERAL_CONVERSION = YES;
				CLANG_WARN_OBJC_ROOT_CLASS = YES_ERROR;
				CLANG_WARN_RANGE_LOOP_ANALYSIS = YES;
				CLANG_WARN_STRICT_PROTOTYPES = YES;
				CLANG_WARN_SUSPICIOUS_MOVE = YES;
				CLANG_WARN_UNGUARDED_AVAILABILITY = YES_AGGRESSIVE;
				CLANG_WARN_UNREACHABLE_CODE = YES;
				CLANG_WARN__DUPLICATE_METHOD_MATCH = YES;
				CODE_SIGN_IDENTITY = "iPhone Developer";
				COPY_PHASE_STRIP = NO;
				DEBUG_INFORMATION_FORMAT = dwarf;
				ENABLE_STRICT_OBJC_MSGSEND = YES;
				ENABLE_TESTABILITY = YES;
				GCC_C_LANGUAGE_STANDARD = gnu11;
				GCC_DYNAMIC_NO_PIC = NO;
				GCC_NO_COMMON_BLOCKS = YES;
				GCC_OPTIMIZATION_LEVEL = 0;
				GCC_PREPROCESSOR_DEFINITIONS = (
					"DEBUG=1",
					"$(inherited)",
				);
				GCC_WARN_64_TO_32_BIT_CONVERSION = YES;
				GCC_WARN_ABOUT_RETURN_TYPE = YES_ERROR;
				GCC_WARN_UNDECLARED_SELECTOR = YES;
				GCC_WARN_UNINITIALIZED_AUTOS = YES_AGGRESSIVE;
				GCC_WARN_UNUSED_FUNCTION = YES;
				GCC_WARN_UNUSED_VARIABLE = YES;
				IPHONEOS_DEPLOYMENT_TARGET = 11.4;
				MTL_ENABLE_DEBUG_INFO = YES;
				ONLY_ACTIVE_ARCH = YES;
				SDKROOT = iphoneos;
				SWIFT_ACTIVE_COMPILATION_CONDITIONS = DEBUG;
				SWIFT_OPTIMIZATION_LEVEL = "-Onone";
				SWIFT_VERSION = 4.0;
			};
			name = Debug;
		};
		7FE8EA6B21187F6500FD1596 /* Release */ = {
			isa = XCBuildConfiguration;
			buildSettings = {
				ALWAYS_SEARCH_USER_PATHS = NO;
				CLANG_ANALYZER_NONNULL = YES;
				CLANG_ANALYZER_NUMBER_OBJECT_CONVERSION = YES_AGGRESSIVE;
				CLANG_CXX_LANGUAGE_STANDARD = "gnu++14";
				CLANG_CXX_LIBRARY = "libc++";
				CLANG_ENABLE_MODULES = YES;
				CLANG_ENABLE_OBJC_ARC = YES;
				CLANG_ENABLE_OBJC_WEAK = YES;
				CLANG_WARN_BLOCK_CAPTURE_AUTORELEASING = YES;
				CLANG_WARN_BOOL_CONVERSION = YES;
				CLANG_WARN_COMMA = YES;
				CLANG_WARN_CONSTANT_CONVERSION = YES;
				CLANG_WARN_DEPRECATED_OBJC_IMPLEMENTATIONS = YES;
				CLANG_WARN_DIRECT_OBJC_ISA_USAGE = YES_ERROR;
				CLANG_WARN_DOCUMENTATION_COMMENTS = YES;
				CLANG_WARN_EMPTY_BODY = YES;
				CLANG_WARN_ENUM_CONVERSION = YES;
				CLANG_WARN_INFINITE_RECURSION = YES;
				CLANG_WARN_INT_CONVERSION = YES;
				CLANG_WARN_NON_LITERAL_NULL_CONVERSION = YES;
				CLANG_WARN_OBJC_IMPLICIT_RETAIN_SELF = YES;
				CLANG_WARN_OBJC_LITERAL_CONVERSION = YES;
				CLANG_WARN_OBJC_ROOT_CLASS = YES_ERROR;
				CLANG_WARN_RANGE_LOOP_ANALYSIS = YES;
				CLANG_WARN_STRICT_PROTOTYPES = YES;
				CLANG_WARN_SUSPICIOUS_MOVE = YES;
				CLANG_WARN_UNGUARDED_AVAILABILITY = YES_AGGRESSIVE;
				CLANG_WARN_UNREACHABLE_CODE = YES;
				CLANG_WARN__DUPLICATE_METHOD_MATCH = YES;
				CODE_SIGN_IDENTITY = "iPhone Developer";
				COPY_PHASE_STRIP = NO;
				DEBUG_INFORMATION_FORMAT = "dwarf-with-dsym";
				ENABLE_NS_ASSERTIONS = NO;
				ENABLE_STRICT_OBJC_MSGSEND = YES;
				GCC_C_LANGUAGE_STANDARD = gnu11;
				GCC_NO_COMMON_BLOCKS = YES;
				GCC_WARN_64_TO_32_BIT_CONVERSION = YES;
				GCC_WARN_ABOUT_RETURN_TYPE = YES_ERROR;
				GCC_WARN_UNDECLARED_SELECTOR = YES;
				GCC_WARN_UNINITIALIZED_AUTOS = YES_AGGRESSIVE;
				GCC_WARN_UNUSED_FUNCTION = YES;
				GCC_WARN_UNUSED_VARIABLE = YES;
				IPHONEOS_DEPLOYMENT_TARGET = 11.4;
				MTL_ENABLE_DEBUG_INFO = NO;
				SDKROOT = iphoneos;
				SWIFT_COMPILATION_MODE = wholemodule;
				SWIFT_OPTIMIZATION_LEVEL = "-O";
				SWIFT_VERSION = 4.0;
				VALIDATE_PRODUCT = YES;
			};
			name = Release;
		};
		7FE8EA6D21187F6500FD1596 /* Debug */ = {
			isa = XCBuildConfiguration;
			baseConfigurationReference = 5C354182339AB049E451B576 /* Pods-Fit Timer.debug.xcconfig */;
			buildSettings = {
				ASSETCATALOG_COMPILER_APPICON_NAME = AppIcon;
				CODE_SIGN_STYLE = Automatic;
				DEVELOPMENT_TEAM = YUED9C4RF4;
				INFOPLIST_FILE = "Fit Timer/Info.plist";
				LD_RUNPATH_SEARCH_PATHS = (
					"$(inherited)",
					"@executable_path/Frameworks",
				);
				PRODUCT_BUNDLE_IDENTIFIER = "cortland.xyz.Fit-Timer";
				PRODUCT_NAME = "$(TARGET_NAME)";
				SWIFT_VERSION = 5.0;
				TARGETED_DEVICE_FAMILY = "1,2";
			};
			name = Debug;
		};
		7FE8EA6E21187F6500FD1596 /* Release */ = {
			isa = XCBuildConfiguration;
			baseConfigurationReference = EC87178FA0D6FB502FBCB525 /* Pods-Fit Timer.release.xcconfig */;
			buildSettings = {
				ASSETCATALOG_COMPILER_APPICON_NAME = AppIcon;
				CODE_SIGN_STYLE = Automatic;
				DEVELOPMENT_TEAM = YUED9C4RF4;
				INFOPLIST_FILE = "Fit Timer/Info.plist";
				LD_RUNPATH_SEARCH_PATHS = (
					"$(inherited)",
					"@executable_path/Frameworks",
				);
				PRODUCT_BUNDLE_IDENTIFIER = "cortland.xyz.Fit-Timer";
				PRODUCT_NAME = "$(TARGET_NAME)";
				SWIFT_VERSION = 5.0;
				TARGETED_DEVICE_FAMILY = "1,2";
			};
			name = Release;
		};
		7FE8EA7021187F6500FD1596 /* Debug */ = {
			isa = XCBuildConfiguration;
			baseConfigurationReference = 9D8DEAAF5AE84DB2CDB214D2 /* Pods-Fit TimerUITests.debug.xcconfig */;
			buildSettings = {
				ALWAYS_EMBED_SWIFT_STANDARD_LIBRARIES = YES;
				CODE_SIGN_STYLE = Automatic;
				DEVELOPMENT_TEAM = YUED9C4RF4;
				INFOPLIST_FILE = "Fit TimerUITests/Info.plist";
				LD_RUNPATH_SEARCH_PATHS = (
					"$(inherited)",
					"@executable_path/Frameworks",
					"@loader_path/Frameworks",
				);
				PRODUCT_BUNDLE_IDENTIFIER = "cortland.xyz.Fit-TimerUITests";
				PRODUCT_NAME = "$(TARGET_NAME)";
				SWIFT_VERSION = 5.0;
				TARGETED_DEVICE_FAMILY = "1,2";
				TEST_TARGET_NAME = "Fit Timer";
			};
			name = Debug;
		};
		7FE8EA7121187F6500FD1596 /* Release */ = {
			isa = XCBuildConfiguration;
			baseConfigurationReference = AD2EAB6074612F8E6F1BC713 /* Pods-Fit TimerUITests.release.xcconfig */;
			buildSettings = {
				ALWAYS_EMBED_SWIFT_STANDARD_LIBRARIES = YES;
				CODE_SIGN_STYLE = Automatic;
				DEVELOPMENT_TEAM = YUED9C4RF4;
				INFOPLIST_FILE = "Fit TimerUITests/Info.plist";
				LD_RUNPATH_SEARCH_PATHS = (
					"$(inherited)",
					"@executable_path/Frameworks",
					"@loader_path/Frameworks",
				);
				PRODUCT_BUNDLE_IDENTIFIER = "cortland.xyz.Fit-TimerUITests";
				PRODUCT_NAME = "$(TARGET_NAME)";
				SWIFT_VERSION = 5.0;
				TARGETED_DEVICE_FAMILY = "1,2";
				TEST_TARGET_NAME = "Fit Timer";
			};
			name = Release;
		};
/* End XCBuildConfiguration section */

/* Begin XCConfigurationList section */
		7FE8EA4A21187F6100FD1596 /* Build configuration list for PBXProject "Fit Timer" */ = {
			isa = XCConfigurationList;
			buildConfigurations = (
				7FE8EA6A21187F6500FD1596 /* Debug */,
				7FE8EA6B21187F6500FD1596 /* Release */,
			);
			defaultConfigurationIsVisible = 0;
			defaultConfigurationName = Release;
		};
		7FE8EA6C21187F6500FD1596 /* Build configuration list for PBXNativeTarget "Fit Timer" */ = {
			isa = XCConfigurationList;
			buildConfigurations = (
				7FE8EA6D21187F6500FD1596 /* Debug */,
				7FE8EA6E21187F6500FD1596 /* Release */,
			);
			defaultConfigurationIsVisible = 0;
			defaultConfigurationName = Release;
		};
		7FE8EA6F21187F6500FD1596 /* Build configuration list for PBXNativeTarget "Fit TimerUITests" */ = {
			isa = XCConfigurationList;
			buildConfigurations = (
				7FE8EA7021187F6500FD1596 /* Debug */,
				7FE8EA7121187F6500FD1596 /* Release */,
			);
			defaultConfigurationIsVisible = 0;
			defaultConfigurationName = Release;
		};
/* End XCConfigurationList section */

/* Begin XCVersionGroup section */
		7F6CC1F022E4BDDF004BD587 /* Workouts.xcdatamodeld */ = {
			isa = XCVersionGroup;
			children = (
				7F6CC1F122E4BDDF004BD587 /* Workouts.xcdatamodel */,
			);
			currentVersion = 7F6CC1F122E4BDDF004BD587 /* Workouts.xcdatamodel */;
			path = Workouts.xcdatamodeld;
			sourceTree = "<group>";
			versionGroupType = wrapper.xcdatamodel;
		};
/* End XCVersionGroup section */
	};
	rootObject = 7FE8EA4721187F6100FD1596 /* Project object */;
}
